// !$*UTF8*$!
{
	archiveVersion = 1;
	classes = {
	};
	objectVersion = 56;
	objects = {

/* Begin PBXBuildFile section */
		8F3EB1E829D4BEB90045EEE7 /* MuseuViewModel.swift in Sources */ = {isa = PBXBuildFile; fileRef = 8F3EB1E729D4BEB90045EEE7 /* MuseuViewModel.swift */; };
		8F3EB1EA29D4BECA0045EEE7 /* MuseuView.swift in Sources */ = {isa = PBXBuildFile; fileRef = 8F3EB1E929D4BECA0045EEE7 /* MuseuView.swift */; };
		8F3EB1EC29D4D1110045EEE7 /* UIColor.swift in Sources */ = {isa = PBXBuildFile; fileRef = 8F3EB1EB29D4D1110045EEE7 /* UIColor.swift */; };
		8F3EB1EE29D4D5C00045EEE7 /* DaVinciComponents.swift in Sources */ = {isa = PBXBuildFile; fileRef = 8F3EB1ED29D4D5C00045EEE7 /* DaVinciComponents.swift */; };
		A4478BF729D4C76900229AA6 /* CharacterViewModel.swift in Sources */ = {isa = PBXBuildFile; fileRef = A4478BF629D4C76900229AA6 /* CharacterViewModel.swift */; };
		A4478BF929D4C7A400229AA6 /* Image.swift in Sources */ = {isa = PBXBuildFile; fileRef = A4478BF829D4C7A400229AA6 /* Image.swift */; };
		A4478C1529D61AC400229AA6 /* MuseuViewComponents.swift in Sources */ = {isa = PBXBuildFile; fileRef = A4478C1429D61AC400229AA6 /* MuseuViewComponents.swift */; };
		A4946EE229D37CE70045F4BF /* HomeComponents.swift in Sources */ = {isa = PBXBuildFile; fileRef = A4946EE129D37CE70045F4BF /* HomeComponents.swift */; };
		CA80D6E429D4C30400A1DC2E /* CharacterDetailsComponentsView.swift in Sources */ = {isa = PBXBuildFile; fileRef = CA80D6E329D4C30400A1DC2E /* CharacterDetailsComponentsView.swift */; };
		CADFFB0229D3703B000923FA /* CharacterDetailsView.swift in Sources */ = {isa = PBXBuildFile; fileRef = CADFFB0129D3703B000923FA /* CharacterDetailsView.swift */; };
		CADFFB0429D37E20000923FA /* spongecharacter.scn in Resources */ = {isa = PBXBuildFile; fileRef = CADFFB0329D37E20000923FA /* spongecharacter.scn */; };
		CADFFB0629D37E77000923FA /* CustomSceneView.swift in Sources */ = {isa = PBXBuildFile; fileRef = CADFFB0529D37E77000923FA /* CustomSceneView.swift */; };
		E91A580229C8F67E0055EDB3 /* ChallengeImpadaApp.swift in Sources */ = {isa = PBXBuildFile; fileRef = E91A580129C8F67E0055EDB3 /* ChallengeImpadaApp.swift */; };
		E91A580429C8F67E0055EDB3 /* ContentView.swift in Sources */ = {isa = PBXBuildFile; fileRef = E91A580329C8F67E0055EDB3 /* ContentView.swift */; };
		E91A580629C8F67F0055EDB3 /* Assets.xcassets in Resources */ = {isa = PBXBuildFile; fileRef = E91A580529C8F67F0055EDB3 /* Assets.xcassets */; };
		E91A580929C8F67F0055EDB3 /* Preview Assets.xcassets in Resources */ = {isa = PBXBuildFile; fileRef = E91A580829C8F67F0055EDB3 /* Preview Assets.xcassets */; };
		E947446329D4B5B700A3916A /* GameCharacter.swift in Sources */ = {isa = PBXBuildFile; fileRef = E947446229D4B5B700A3916A /* GameCharacter.swift */; };
		E947446529D4B75E00A3916A /* Character.swift in Sources */ = {isa = PBXBuildFile; fileRef = E947446429D4B75E00A3916A /* Character.swift */; };
		E947446729D4B86000A3916A /* DialogueScene.swift in Sources */ = {isa = PBXBuildFile; fileRef = E947446629D4B86000A3916A /* DialogueScene.swift */; };
		E974C2AB29D360FA00F2D592 /* Color.swift in Sources */ = {isa = PBXBuildFile; fileRef = E974C2AA29D360FA00F2D592 /* Color.swift */; };
		E974C2AD29D369B500F2D592 /* HomeView.swift in Sources */ = {isa = PBXBuildFile; fileRef = E974C2AC29D369B500F2D592 /* HomeView.swift */; };
		E974C2AF29D369C000F2D592 /* HomeViewModel.swift in Sources */ = {isa = PBXBuildFile; fileRef = E974C2AE29D369C000F2D592 /* HomeViewModel.swift */; };
		E974C2B129D369D000F2D592 /* CreditsView.swift in Sources */ = {isa = PBXBuildFile; fileRef = E974C2B029D369D000F2D592 /* CreditsView.swift */; };
		E974C2B329D369DA00F2D592 /* CreditsViewModel.swift in Sources */ = {isa = PBXBuildFile; fileRef = E974C2B229D369DA00F2D592 /* CreditsViewModel.swift */; };
		E974C2B529D369EB00F2D592 /* LevelSelectionView.swift in Sources */ = {isa = PBXBuildFile; fileRef = E974C2B429D369EB00F2D592 /* LevelSelectionView.swift */; };
		E974C2B729D369F600F2D592 /* LevelSelectionViewModel.swift in Sources */ = {isa = PBXBuildFile; fileRef = E974C2B629D369F600F2D592 /* LevelSelectionViewModel.swift */; };
		E974C2B929D36A0500F2D592 /* DaVinciView.swift in Sources */ = {isa = PBXBuildFile; fileRef = E974C2B829D36A0500F2D592 /* DaVinciView.swift */; };
		E974C2BB29D36A1000F2D592 /* DaVinciViewModel.swift in Sources */ = {isa = PBXBuildFile; fileRef = E974C2BA29D36A1000F2D592 /* DaVinciViewModel.swift */; };
		E974C2BD29D36A1F00F2D592 /* TuringViewModel.swift in Sources */ = {isa = PBXBuildFile; fileRef = E974C2BC29D36A1F00F2D592 /* TuringViewModel.swift */; };
		E974C2BF29D36A2800F2D592 /* TuringView.swift in Sources */ = {isa = PBXBuildFile; fileRef = E974C2BE29D36A2800F2D592 /* TuringView.swift */; };
		E974C2C129D36A3500F2D592 /* NewtonViewModel.swift in Sources */ = {isa = PBXBuildFile; fileRef = E974C2C029D36A3500F2D592 /* NewtonViewModel.swift */; };
		E974C2C329D36A4200F2D592 /* NewtonView.swift in Sources */ = {isa = PBXBuildFile; fileRef = E974C2C229D36A4200F2D592 /* NewtonView.swift */; };
		E974C2C529D36A5200F2D592 /* AnyComponent.swift in Sources */ = {isa = PBXBuildFile; fileRef = E974C2C429D36A5200F2D592 /* AnyComponent.swift */; };
		E974C2C729D36A5B00F2D592 /* Dialogues.swift in Sources */ = {isa = PBXBuildFile; fileRef = E974C2C629D36A5B00F2D592 /* Dialogues.swift */; };
		E974C2C929D36A6F00F2D592 /* AnyUtilities.swift in Sources */ = {isa = PBXBuildFile; fileRef = E974C2C829D36A6F00F2D592 /* AnyUtilities.swift */; };
		E974C2CB29D36A7800F2D592 /* AnyService.swift in Sources */ = {isa = PBXBuildFile; fileRef = E974C2CA29D36A7800F2D592 /* AnyService.swift */; };
		E974C2D029D36D7600F2D592 /* DialogueView.swift in Sources */ = {isa = PBXBuildFile; fileRef = E974C2CF29D36D7600F2D592 /* DialogueView.swift */; };
		E974C2D229D36DA700F2D592 /* DialogueViewModel.swift in Sources */ = {isa = PBXBuildFile; fileRef = E974C2D129D36DA700F2D592 /* DialogueViewModel.swift */; };
		E974C2D429D36EF900F2D592 /* SkipButton.swift in Sources */ = {isa = PBXBuildFile; fileRef = E974C2D329D36EF900F2D592 /* SkipButton.swift */; };
		E974C2D629D3729600F2D592 /* DialogueContainer.swift in Sources */ = {isa = PBXBuildFile; fileRef = E974C2D529D3729600F2D592 /* DialogueContainer.swift */; };
		E974C2D829D372C300F2D592 /* CharacterPortrait.swift in Sources */ = {isa = PBXBuildFile; fileRef = E974C2D729D372C300F2D592 /* CharacterPortrait.swift */; };
		E974C2DA29D37F0300F2D592 /* Data.swift in Sources */ = {isa = PBXBuildFile; fileRef = E974C2D929D37F0300F2D592 /* Data.swift */; };
/* End PBXBuildFile section */

/* Begin PBXFileReference section */
		8F3EB1E729D4BEB90045EEE7 /* MuseuViewModel.swift */ = {isa = PBXFileReference; lastKnownFileType = sourcecode.swift; path = MuseuViewModel.swift; sourceTree = "<group>"; };
		8F3EB1E929D4BECA0045EEE7 /* MuseuView.swift */ = {isa = PBXFileReference; lastKnownFileType = sourcecode.swift; path = MuseuView.swift; sourceTree = "<group>"; };
		8F3EB1EB29D4D1110045EEE7 /* UIColor.swift */ = {isa = PBXFileReference; lastKnownFileType = sourcecode.swift; path = UIColor.swift; sourceTree = "<group>"; };
		8F3EB1ED29D4D5C00045EEE7 /* DaVinciComponents.swift */ = {isa = PBXFileReference; lastKnownFileType = sourcecode.swift; path = DaVinciComponents.swift; sourceTree = "<group>"; };
		A4478BF629D4C76900229AA6 /* CharacterViewModel.swift */ = {isa = PBXFileReference; lastKnownFileType = sourcecode.swift; path = CharacterViewModel.swift; sourceTree = "<group>"; };
		A4478BF829D4C7A400229AA6 /* Image.swift */ = {isa = PBXFileReference; lastKnownFileType = sourcecode.swift; path = Image.swift; sourceTree = "<group>"; };
		A4478C1429D61AC400229AA6 /* MuseuViewComponents.swift */ = {isa = PBXFileReference; lastKnownFileType = sourcecode.swift; path = MuseuViewComponents.swift; sourceTree = "<group>"; };
		A4946EE129D37CE70045F4BF /* HomeComponents.swift */ = {isa = PBXFileReference; lastKnownFileType = sourcecode.swift; path = HomeComponents.swift; sourceTree = "<group>"; };
		CA80D6E329D4C30400A1DC2E /* CharacterDetailsComponentsView.swift */ = {isa = PBXFileReference; lastKnownFileType = sourcecode.swift; path = CharacterDetailsComponentsView.swift; sourceTree = "<group>"; };
		CADFFB0129D3703B000923FA /* CharacterDetailsView.swift */ = {isa = PBXFileReference; lastKnownFileType = sourcecode.swift; path = CharacterDetailsView.swift; sourceTree = "<group>"; };
		CADFFB0329D37E20000923FA /* spongecharacter.scn */ = {isa = PBXFileReference; lastKnownFileType = file.bplist; path = spongecharacter.scn; sourceTree = "<group>"; };
		CADFFB0529D37E77000923FA /* CustomSceneView.swift */ = {isa = PBXFileReference; lastKnownFileType = sourcecode.swift; path = CustomSceneView.swift; sourceTree = "<group>"; };
		E91A57FE29C8F67E0055EDB3 /* ChallengeImpada.app */ = {isa = PBXFileReference; explicitFileType = wrapper.application; includeInIndex = 0; path = ChallengeImpada.app; sourceTree = BUILT_PRODUCTS_DIR; };
		E91A580129C8F67E0055EDB3 /* ChallengeImpadaApp.swift */ = {isa = PBXFileReference; lastKnownFileType = sourcecode.swift; path = ChallengeImpadaApp.swift; sourceTree = "<group>"; };
		E91A580329C8F67E0055EDB3 /* ContentView.swift */ = {isa = PBXFileReference; lastKnownFileType = sourcecode.swift; path = ContentView.swift; sourceTree = "<group>"; };
		E91A580529C8F67F0055EDB3 /* Assets.xcassets */ = {isa = PBXFileReference; lastKnownFileType = folder.assetcatalog; path = Assets.xcassets; sourceTree = "<group>"; };
		E91A580829C8F67F0055EDB3 /* Preview Assets.xcassets */ = {isa = PBXFileReference; lastKnownFileType = folder.assetcatalog; path = "Preview Assets.xcassets"; sourceTree = "<group>"; };
		E947446229D4B5B700A3916A /* GameCharacter.swift */ = {isa = PBXFileReference; lastKnownFileType = sourcecode.swift; path = GameCharacter.swift; sourceTree = "<group>"; };
		E947446429D4B75E00A3916A /* Character.swift */ = {isa = PBXFileReference; lastKnownFileType = sourcecode.swift; path = Character.swift; sourceTree = "<group>"; };
		E947446629D4B86000A3916A /* DialogueScene.swift */ = {isa = PBXFileReference; lastKnownFileType = sourcecode.swift; path = DialogueScene.swift; sourceTree = "<group>"; };
		E974C2AA29D360FA00F2D592 /* Color.swift */ = {isa = PBXFileReference; lastKnownFileType = sourcecode.swift; path = Color.swift; sourceTree = "<group>"; };
		E974C2AC29D369B500F2D592 /* HomeView.swift */ = {isa = PBXFileReference; lastKnownFileType = sourcecode.swift; path = HomeView.swift; sourceTree = "<group>"; };
		E974C2AE29D369C000F2D592 /* HomeViewModel.swift */ = {isa = PBXFileReference; lastKnownFileType = sourcecode.swift; path = HomeViewModel.swift; sourceTree = "<group>"; };
		E974C2B029D369D000F2D592 /* CreditsView.swift */ = {isa = PBXFileReference; lastKnownFileType = sourcecode.swift; path = CreditsView.swift; sourceTree = "<group>"; };
		E974C2B229D369DA00F2D592 /* CreditsViewModel.swift */ = {isa = PBXFileReference; lastKnownFileType = sourcecode.swift; path = CreditsViewModel.swift; sourceTree = "<group>"; };
		E974C2B429D369EB00F2D592 /* LevelSelectionView.swift */ = {isa = PBXFileReference; lastKnownFileType = sourcecode.swift; path = LevelSelectionView.swift; sourceTree = "<group>"; };
		E974C2B629D369F600F2D592 /* LevelSelectionViewModel.swift */ = {isa = PBXFileReference; lastKnownFileType = sourcecode.swift; path = LevelSelectionViewModel.swift; sourceTree = "<group>"; };
		E974C2B829D36A0500F2D592 /* DaVinciView.swift */ = {isa = PBXFileReference; lastKnownFileType = sourcecode.swift; path = DaVinciView.swift; sourceTree = "<group>"; };
		E974C2BA29D36A1000F2D592 /* DaVinciViewModel.swift */ = {isa = PBXFileReference; lastKnownFileType = sourcecode.swift; path = DaVinciViewModel.swift; sourceTree = "<group>"; };
		E974C2BC29D36A1F00F2D592 /* TuringViewModel.swift */ = {isa = PBXFileReference; lastKnownFileType = sourcecode.swift; path = TuringViewModel.swift; sourceTree = "<group>"; };
		E974C2BE29D36A2800F2D592 /* TuringView.swift */ = {isa = PBXFileReference; lastKnownFileType = sourcecode.swift; path = TuringView.swift; sourceTree = "<group>"; };
		E974C2C029D36A3500F2D592 /* NewtonViewModel.swift */ = {isa = PBXFileReference; lastKnownFileType = sourcecode.swift; path = NewtonViewModel.swift; sourceTree = "<group>"; };
		E974C2C229D36A4200F2D592 /* NewtonView.swift */ = {isa = PBXFileReference; lastKnownFileType = sourcecode.swift; path = NewtonView.swift; sourceTree = "<group>"; };
		E974C2C429D36A5200F2D592 /* AnyComponent.swift */ = {isa = PBXFileReference; lastKnownFileType = sourcecode.swift; path = AnyComponent.swift; sourceTree = "<group>"; };
		E974C2C629D36A5B00F2D592 /* Dialogues.swift */ = {isa = PBXFileReference; lastKnownFileType = sourcecode.swift; path = Dialogues.swift; sourceTree = "<group>"; };
		E974C2C829D36A6F00F2D592 /* AnyUtilities.swift */ = {isa = PBXFileReference; lastKnownFileType = sourcecode.swift; path = AnyUtilities.swift; sourceTree = "<group>"; };
		E974C2CA29D36A7800F2D592 /* AnyService.swift */ = {isa = PBXFileReference; lastKnownFileType = sourcecode.swift; path = AnyService.swift; sourceTree = "<group>"; };
		E974C2CF29D36D7600F2D592 /* DialogueView.swift */ = {isa = PBXFileReference; lastKnownFileType = sourcecode.swift; path = DialogueView.swift; sourceTree = "<group>"; };
		E974C2D129D36DA700F2D592 /* DialogueViewModel.swift */ = {isa = PBXFileReference; lastKnownFileType = sourcecode.swift; path = DialogueViewModel.swift; sourceTree = "<group>"; };
		E974C2D329D36EF900F2D592 /* SkipButton.swift */ = {isa = PBXFileReference; lastKnownFileType = sourcecode.swift; path = SkipButton.swift; sourceTree = "<group>"; };
		E974C2D529D3729600F2D592 /* DialogueContainer.swift */ = {isa = PBXFileReference; lastKnownFileType = sourcecode.swift; path = DialogueContainer.swift; sourceTree = "<group>"; };
		E974C2D729D372C300F2D592 /* CharacterPortrait.swift */ = {isa = PBXFileReference; lastKnownFileType = sourcecode.swift; path = CharacterPortrait.swift; sourceTree = "<group>"; };
		E974C2D929D37F0300F2D592 /* Data.swift */ = {isa = PBXFileReference; lastKnownFileType = sourcecode.swift; path = Data.swift; sourceTree = "<group>"; };
/* End PBXFileReference section */

/* Begin PBXFrameworksBuildPhase section */
		E91A57FB29C8F67E0055EDB3 /* Frameworks */ = {
			isa = PBXFrameworksBuildPhase;
			buildActionMask = 2147483647;
			files = (
			);
			runOnlyForDeploymentPostprocessing = 0;
		};
/* End PBXFrameworksBuildPhase section */

/* Begin PBXGroup section */
		8F3EB1E429D4BE900045EEE7 /* Museu */ = {
			isa = PBXGroup;
			children = (
				8F3EB1E629D4BEA30045EEE7 /* Viewmodel */,
				8F3EB1E529D4BE9C0045EEE7 /* Views */,
			);
			path = Museu;
			sourceTree = "<group>";
		};
		8F3EB1E529D4BE9C0045EEE7 /* Views */ = {
			isa = PBXGroup;
			children = (
				8F3EB1E929D4BECA0045EEE7 /* MuseuView.swift */,
				A4478C1429D61AC400229AA6 /* MuseuViewComponents.swift */,
			);
			path = Views;
			sourceTree = "<group>";
		};
		8F3EB1E629D4BEA30045EEE7 /* Viewmodel */ = {
			isa = PBXGroup;
			children = (
				8F3EB1E729D4BEB90045EEE7 /* MuseuViewModel.swift */,
			);
			path = Viewmodel;
			sourceTree = "<group>";
		};
		A4478BF529D4C74F00229AA6 /* CharacterViewModel */ = {
			isa = PBXGroup;
			children = (
				A4478BF629D4C76900229AA6 /* CharacterViewModel.swift */,
			);
			path = CharacterViewModel;
			sourceTree = "<group>";
		};
		CADFFAFE29D36FCE000923FA /* CharacterDetails */ = {
			isa = PBXGroup;
			children = (
				CADFFB0029D36FF4000923FA /* ViewModel */,
				CADFFAFF29D36FE3000923FA /* Views */,
			);
			path = CharacterDetails;
			sourceTree = "<group>";
		};
		CADFFAFF29D36FE3000923FA /* Views */ = {
			isa = PBXGroup;
			children = (
				CADFFB0129D3703B000923FA /* CharacterDetailsView.swift */,
				CADFFB0529D37E77000923FA /* CustomSceneView.swift */,
				CA80D6E329D4C30400A1DC2E /* CharacterDetailsComponentsView.swift */,
			);
			path = Views;
			sourceTree = "<group>";
		};
		CADFFB0029D36FF4000923FA /* ViewModel */ = {
			isa = PBXGroup;
			children = (
			);
			path = ViewModel;
			sourceTree = "<group>";
		};
		E91A57F529C8F67E0055EDB3 = {
			isa = PBXGroup;
			children = (
				CADFFB0329D37E20000923FA /* spongecharacter.scn */,
				E91A580029C8F67E0055EDB3 /* ChallengeImpada */,
				E91A57FF29C8F67E0055EDB3 /* Products */,
			);
			sourceTree = "<group>";
		};
		E91A57FF29C8F67E0055EDB3 /* Products */ = {
			isa = PBXGroup;
			children = (
				E91A57FE29C8F67E0055EDB3 /* ChallengeImpada.app */,
			);
			name = Products;
			sourceTree = "<group>";
		};
		E91A580029C8F67E0055EDB3 /* ChallengeImpada */ = {
			isa = PBXGroup;
			children = (
				A4478BF529D4C74F00229AA6 /* CharacterViewModel */,
				E91A580129C8F67E0055EDB3 /* ChallengeImpadaApp.swift */,
				E91A580329C8F67E0055EDB3 /* ContentView.swift */,
				E91A582729C8F8700055EDB3 /* Models */,
				E91A580F29C8F7280055EDB3 /* Core */,
				E91A582629C8F8380055EDB3 /* Extensions */,
				E91A582529C8F8320055EDB3 /* Utilities */,
				E91A582929C8F8860055EDB3 /* Services */,
				E91A580529C8F67F0055EDB3 /* Assets.xcassets */,
				E91A580729C8F67F0055EDB3 /* Preview Content */,
			);
			path = ChallengeImpada;
			sourceTree = "<group>";
		};
		E91A580729C8F67F0055EDB3 /* Preview Content */ = {
			isa = PBXGroup;
			children = (
				E91A580829C8F67F0055EDB3 /* Preview Assets.xcassets */,
			);
			path = "Preview Content";
			sourceTree = "<group>";
		};
		E91A580F29C8F7280055EDB3 /* Core */ = {
			isa = PBXGroup;
			children = (
				E974C2CC29D36D3300F2D592 /* Dialogue */,
				CADFFAFE29D36FCE000923FA /* CharacterDetails */,
				E91A582429C8F8290055EDB3 /* Components */,
				E91A581329C8F7970055EDB3 /* Minigames */,
				E91A581229C8F74A0055EDB3 /* LevelSelection */,
				E91A581129C8F7420055EDB3 /* Credits */,
				8F3EB1E429D4BE900045EEE7 /* Museu */,
				E91A581029C8F72F0055EDB3 /* Home */,
			);
			path = Core;
			sourceTree = "<group>";
		};
		E91A581029C8F72F0055EDB3 /* Home */ = {
			isa = PBXGroup;
			children = (
				E91A581829C8F7C20055EDB3 /* Viewmodel */,
				E91A581729C8F7BB0055EDB3 /* Views */,
			);
			path = Home;
			sourceTree = "<group>";
		};
		E91A581129C8F7420055EDB3 /* Credits */ = {
			isa = PBXGroup;
			children = (
				E91A581A29C8F7D20055EDB3 /* Viewmodel */,
				E91A581929C8F7CC0055EDB3 /* Views */,
			);
			path = Credits;
			sourceTree = "<group>";
		};
		E91A581229C8F74A0055EDB3 /* LevelSelection */ = {
			isa = PBXGroup;
			children = (
				E91A581C29C8F7DF0055EDB3 /* Viewmodel */,
				E91A581B29C8F7DA0055EDB3 /* Views */,
			);
			path = LevelSelection;
			sourceTree = "<group>";
		};
		E91A581329C8F7970055EDB3 /* Minigames */ = {
			isa = PBXGroup;
			children = (
				E91A581629C8F7B10055EDB3 /* DaVinci */,
				E91A581429C8F79F0055EDB3 /* Newton */,
				E91A581529C8F7A70055EDB3 /* Turing */,
			);
			path = Minigames;
			sourceTree = "<group>";
		};
		E91A581429C8F79F0055EDB3 /* Newton */ = {
			isa = PBXGroup;
			children = (
				E91A582329C8F81A0055EDB3 /* Viewmodel */,
				E91A582229C8F8140055EDB3 /* View */,
			);
			path = Newton;
			sourceTree = "<group>";
		};
		E91A581529C8F7A70055EDB3 /* Turing */ = {
			isa = PBXGroup;
			children = (
				E91A582129C8F80D0055EDB3 /* Viewmodel */,
				E91A582029C8F8080055EDB3 /* Views */,
			);
			path = Turing;
			sourceTree = "<group>";
		};
		E91A581629C8F7B10055EDB3 /* DaVinci */ = {
			isa = PBXGroup;
			children = (
				E91A581F29C8F7FD0055EDB3 /* Viewmodel */,
				E91A581D29C8F7ED0055EDB3 /* Views */,
			);
			path = DaVinci;
			sourceTree = "<group>";
		};
		E91A581729C8F7BB0055EDB3 /* Views */ = {
			isa = PBXGroup;
			children = (
				E974C2AC29D369B500F2D592 /* HomeView.swift */,
				A4946EE129D37CE70045F4BF /* HomeComponents.swift */,
			);
			path = Views;
			sourceTree = "<group>";
		};
		E91A581829C8F7C20055EDB3 /* Viewmodel */ = {
			isa = PBXGroup;
			children = (
				E974C2AE29D369C000F2D592 /* HomeViewModel.swift */,
			);
			path = Viewmodel;
			sourceTree = "<group>";
		};
		E91A581929C8F7CC0055EDB3 /* Views */ = {
			isa = PBXGroup;
			children = (
				E974C2B029D369D000F2D592 /* CreditsView.swift */,
			);
			path = Views;
			sourceTree = "<group>";
		};
		E91A581A29C8F7D20055EDB3 /* Viewmodel */ = {
			isa = PBXGroup;
			children = (
				E974C2B229D369DA00F2D592 /* CreditsViewModel.swift */,
			);
			path = Viewmodel;
			sourceTree = "<group>";
		};
		E91A581B29C8F7DA0055EDB3 /* Views */ = {
			isa = PBXGroup;
			children = (
				E974C2B429D369EB00F2D592 /* LevelSelectionView.swift */,
			);
			path = Views;
			sourceTree = "<group>";
		};
		E91A581C29C8F7DF0055EDB3 /* Viewmodel */ = {
			isa = PBXGroup;
			children = (
				E974C2B629D369F600F2D592 /* LevelSelectionViewModel.swift */,
			);
			path = Viewmodel;
			sourceTree = "<group>";
		};
		E91A581D29C8F7ED0055EDB3 /* Views */ = {
			isa = PBXGroup;
			children = (
				E974C2B829D36A0500F2D592 /* DaVinciView.swift */,
				8F3EB1ED29D4D5C00045EEE7 /* DaVinciComponents.swift */,
			);
			path = Views;
			sourceTree = "<group>";
		};
		E91A581F29C8F7FD0055EDB3 /* Viewmodel */ = {
			isa = PBXGroup;
			children = (
				E974C2BA29D36A1000F2D592 /* DaVinciViewModel.swift */,
			);
			path = Viewmodel;
			sourceTree = "<group>";
		};
		E91A582029C8F8080055EDB3 /* Views */ = {
			isa = PBXGroup;
			children = (
				E974C2BE29D36A2800F2D592 /* TuringView.swift */,
			);
			path = Views;
			sourceTree = "<group>";
		};
		E91A582129C8F80D0055EDB3 /* Viewmodel */ = {
			isa = PBXGroup;
			children = (
				E974C2BC29D36A1F00F2D592 /* TuringViewModel.swift */,
			);
			path = Viewmodel;
			sourceTree = "<group>";
		};
		E91A582229C8F8140055EDB3 /* View */ = {
			isa = PBXGroup;
			children = (
				E974C2C229D36A4200F2D592 /* NewtonView.swift */,
			);
			path = View;
			sourceTree = "<group>";
		};
		E91A582329C8F81A0055EDB3 /* Viewmodel */ = {
			isa = PBXGroup;
			children = (
				E974C2C029D36A3500F2D592 /* NewtonViewModel.swift */,
			);
			path = Viewmodel;
			sourceTree = "<group>";
		};
		E91A582429C8F8290055EDB3 /* Components */ = {
			isa = PBXGroup;
			children = (
				E974C2C429D36A5200F2D592 /* AnyComponent.swift */,
				E974C2D329D36EF900F2D592 /* SkipButton.swift */,
				E974C2D529D3729600F2D592 /* DialogueContainer.swift */,
				E974C2D729D372C300F2D592 /* CharacterPortrait.swift */,
			);
			path = Components;
			sourceTree = "<group>";
		};
		E91A582529C8F8320055EDB3 /* Utilities */ = {
			isa = PBXGroup;
			children = (
				E974C2C829D36A6F00F2D592 /* AnyUtilities.swift */,
				E974C2D929D37F0300F2D592 /* Data.swift */,
				E947446229D4B5B700A3916A /* GameCharacter.swift */,
			);
			path = Utilities;
			sourceTree = "<group>";
		};
		E91A582629C8F8380055EDB3 /* Extensions */ = {
			isa = PBXGroup;
			children = (
				E974C2AA29D360FA00F2D592 /* Color.swift */,
				8F3EB1EB29D4D1110045EEE7 /* UIColor.swift */,
				A4478BF829D4C7A400229AA6 /* Image.swift */,
			);
			path = Extensions;
			sourceTree = "<group>";
		};
		E91A582729C8F8700055EDB3 /* Models */ = {
			isa = PBXGroup;
			children = (
				E974C2C629D36A5B00F2D592 /* Dialogues.swift */,
				E947446429D4B75E00A3916A /* Character.swift */,
				E947446629D4B86000A3916A /* DialogueScene.swift */,
			);
			path = Models;
			sourceTree = "<group>";
		};
		E91A582929C8F8860055EDB3 /* Services */ = {
			isa = PBXGroup;
			children = (
				E974C2CA29D36A7800F2D592 /* AnyService.swift */,
			);
			path = Services;
			sourceTree = "<group>";
		};
		E974C2CC29D36D3300F2D592 /* Dialogue */ = {
			isa = PBXGroup;
			children = (
				E974C2CE29D36D5500F2D592 /* ViewModel */,
				E974C2CD29D36D4A00F2D592 /* Views */,
			);
			path = Dialogue;
			sourceTree = "<group>";
		};
		E974C2CD29D36D4A00F2D592 /* Views */ = {
			isa = PBXGroup;
			children = (
				E974C2CF29D36D7600F2D592 /* DialogueView.swift */,
			);
			path = Views;
			sourceTree = "<group>";
		};
		E974C2CE29D36D5500F2D592 /* ViewModel */ = {
			isa = PBXGroup;
			children = (
				E974C2D129D36DA700F2D592 /* DialogueViewModel.swift */,
			);
			path = ViewModel;
			sourceTree = "<group>";
		};
/* End PBXGroup section */

/* Begin PBXNativeTarget section */
		E91A57FD29C8F67E0055EDB3 /* ChallengeImpada */ = {
			isa = PBXNativeTarget;
			buildConfigurationList = E91A580C29C8F67F0055EDB3 /* Build configuration list for PBXNativeTarget "ChallengeImpada" */;
			buildPhases = (
				E91A57FA29C8F67E0055EDB3 /* Sources */,
				E91A57FB29C8F67E0055EDB3 /* Frameworks */,
				E91A57FC29C8F67E0055EDB3 /* Resources */,
			);
			buildRules = (
			);
			dependencies = (
			);
			name = ChallengeImpada;
			productName = ChallengeImpada;
			productReference = E91A57FE29C8F67E0055EDB3 /* ChallengeImpada.app */;
			productType = "com.apple.product-type.application";
		};
/* End PBXNativeTarget section */

/* Begin PBXProject section */
		E91A57F629C8F67E0055EDB3 /* Project object */ = {
			isa = PBXProject;
			attributes = {
				BuildIndependentTargetsInParallel = 1;
				LastSwiftUpdateCheck = 1400;
				LastUpgradeCheck = 1400;
				TargetAttributes = {
					E91A57FD29C8F67E0055EDB3 = {
						CreatedOnToolsVersion = 14.0.1;
					};
				};
			};
			buildConfigurationList = E91A57F929C8F67E0055EDB3 /* Build configuration list for PBXProject "ChallengeImpada" */;
			compatibilityVersion = "Xcode 14.0";
			developmentRegion = en;
			hasScannedForEncodings = 0;
			knownRegions = (
				en,
				Base,
			);
			mainGroup = E91A57F529C8F67E0055EDB3;
			productRefGroup = E91A57FF29C8F67E0055EDB3 /* Products */;
			projectDirPath = "";
			projectRoot = "";
			targets = (
				E91A57FD29C8F67E0055EDB3 /* ChallengeImpada */,
			);
		};
/* End PBXProject section */

/* Begin PBXResourcesBuildPhase section */
		E91A57FC29C8F67E0055EDB3 /* Resources */ = {
			isa = PBXResourcesBuildPhase;
			buildActionMask = 2147483647;
			files = (
				CADFFB0429D37E20000923FA /* spongecharacter.scn in Resources */,
				E91A580929C8F67F0055EDB3 /* Preview Assets.xcassets in Resources */,
				E91A580629C8F67F0055EDB3 /* Assets.xcassets in Resources */,
			);
			runOnlyForDeploymentPostprocessing = 0;
		};
/* End PBXResourcesBuildPhase section */

/* Begin PBXSourcesBuildPhase section */
		E91A57FA29C8F67E0055EDB3 /* Sources */ = {
			isa = PBXSourcesBuildPhase;
			buildActionMask = 2147483647;
			files = (
				E974C2D429D36EF900F2D592 /* SkipButton.swift in Sources */,
				E91A580429C8F67E0055EDB3 /* ContentView.swift in Sources */,
				E974C2AD29D369B500F2D592 /* HomeView.swift in Sources */,
				E91A580229C8F67E0055EDB3 /* ChallengeImpadaApp.swift in Sources */,
				CADFFB0229D3703B000923FA /* CharacterDetailsView.swift in Sources */,
				CADFFB0629D37E77000923FA /* CustomSceneView.swift in Sources */,
				E974C2C929D36A6F00F2D592 /* AnyUtilities.swift in Sources */,
				8F3EB1EC29D4D1110045EEE7 /* UIColor.swift in Sources */,
				E974C2B329D369DA00F2D592 /* CreditsViewModel.swift in Sources */,
				E947446329D4B5B700A3916A /* GameCharacter.swift in Sources */,
				E974C2DA29D37F0300F2D592 /* Data.swift in Sources */,
				E974C2B529D369EB00F2D592 /* LevelSelectionView.swift in Sources */,
				E974C2B729D369F600F2D592 /* LevelSelectionViewModel.swift in Sources */,
				E974C2B129D369D000F2D592 /* CreditsView.swift in Sources */,
				E974C2D229D36DA700F2D592 /* DialogueViewModel.swift in Sources */,
				A4478BF729D4C76900229AA6 /* CharacterViewModel.swift in Sources */,
				8F3EB1E829D4BEB90045EEE7 /* MuseuViewModel.swift in Sources */,
				A4478C1529D61AC400229AA6 /* MuseuViewComponents.swift in Sources */,
				E974C2CB29D36A7800F2D592 /* AnyService.swift in Sources */,
				E974C2AF29D369C000F2D592 /* HomeViewModel.swift in Sources */,
				8F3EB1EE29D4D5C00045EEE7 /* DaVinciComponents.swift in Sources */,
				E974C2D629D3729600F2D592 /* DialogueContainer.swift in Sources */,
				E974C2C529D36A5200F2D592 /* AnyComponent.swift in Sources */,
				E974C2AB29D360FA00F2D592 /* Color.swift in Sources */,
				E974C2C129D36A3500F2D592 /* NewtonViewModel.swift in Sources */,
				CA80D6E429D4C30400A1DC2E /* CharacterDetailsComponentsView.swift in Sources */,
				E974C2BD29D36A1F00F2D592 /* TuringViewModel.swift in Sources */,
				A4946EE229D37CE70045F4BF /* HomeComponents.swift in Sources */,
				E947446729D4B86000A3916A /* DialogueScene.swift in Sources */,
				E974C2C329D36A4200F2D592 /* NewtonView.swift in Sources */,
				E974C2B929D36A0500F2D592 /* DaVinciView.swift in Sources */,
				E974C2BB29D36A1000F2D592 /* DaVinciViewModel.swift in Sources */,
				E947446529D4B75E00A3916A /* Character.swift in Sources */,
				E974C2D829D372C300F2D592 /* CharacterPortrait.swift in Sources */,
				8F3EB1EA29D4BECA0045EEE7 /* MuseuView.swift in Sources */,
				E974C2BF29D36A2800F2D592 /* TuringView.swift in Sources */,
				E974C2D029D36D7600F2D592 /* DialogueView.swift in Sources */,
				A4478BF929D4C7A400229AA6 /* Image.swift in Sources */,
				E974C2C729D36A5B00F2D592 /* Dialogues.swift in Sources */,
			);
			runOnlyForDeploymentPostprocessing = 0;
		};
/* End PBXSourcesBuildPhase section */

/* Begin XCBuildConfiguration section */
		E91A580A29C8F67F0055EDB3 /* Debug */ = {
			isa = XCBuildConfiguration;
			buildSettings = {
				ALWAYS_SEARCH_USER_PATHS = NO;
				CLANG_ANALYZER_NONNULL = YES;
				CLANG_ANALYZER_NUMBER_OBJECT_CONVERSION = YES_AGGRESSIVE;
				CLANG_CXX_LANGUAGE_STANDARD = "gnu++20";
				CLANG_ENABLE_MODULES = YES;
				CLANG_ENABLE_OBJC_ARC = YES;
				CLANG_ENABLE_OBJC_WEAK = YES;
				CLANG_WARN_BLOCK_CAPTURE_AUTORELEASING = YES;
				CLANG_WARN_BOOL_CONVERSION = YES;
				CLANG_WARN_COMMA = YES;
				CLANG_WARN_CONSTANT_CONVERSION = YES;
				CLANG_WARN_DEPRECATED_OBJC_IMPLEMENTATIONS = YES;
				CLANG_WARN_DIRECT_OBJC_ISA_USAGE = YES_ERROR;
				CLANG_WARN_DOCUMENTATION_COMMENTS = YES;
				CLANG_WARN_EMPTY_BODY = YES;
				CLANG_WARN_ENUM_CONVERSION = YES;
				CLANG_WARN_INFINITE_RECURSION = YES;
				CLANG_WARN_INT_CONVERSION = YES;
				CLANG_WARN_NON_LITERAL_NULL_CONVERSION = YES;
				CLANG_WARN_OBJC_IMPLICIT_RETAIN_SELF = YES;
				CLANG_WARN_OBJC_LITERAL_CONVERSION = YES;
				CLANG_WARN_OBJC_ROOT_CLASS = YES_ERROR;
				CLANG_WARN_QUOTED_INCLUDE_IN_FRAMEWORK_HEADER = YES;
				CLANG_WARN_RANGE_LOOP_ANALYSIS = YES;
				CLANG_WARN_STRICT_PROTOTYPES = YES;
				CLANG_WARN_SUSPICIOUS_MOVE = YES;
				CLANG_WARN_UNGUARDED_AVAILABILITY = YES_AGGRESSIVE;
				CLANG_WARN_UNREACHABLE_CODE = YES;
				CLANG_WARN__DUPLICATE_METHOD_MATCH = YES;
				COPY_PHASE_STRIP = NO;
				DEBUG_INFORMATION_FORMAT = dwarf;
				ENABLE_STRICT_OBJC_MSGSEND = YES;
				ENABLE_TESTABILITY = YES;
				GCC_C_LANGUAGE_STANDARD = gnu11;
				GCC_DYNAMIC_NO_PIC = NO;
				GCC_NO_COMMON_BLOCKS = YES;
				GCC_OPTIMIZATION_LEVEL = 0;
				GCC_PREPROCESSOR_DEFINITIONS = (
					"DEBUG=1",
					"$(inherited)",
				);
				GCC_WARN_64_TO_32_BIT_CONVERSION = YES;
				GCC_WARN_ABOUT_RETURN_TYPE = YES_ERROR;
				GCC_WARN_UNDECLARED_SELECTOR = YES;
				GCC_WARN_UNINITIALIZED_AUTOS = YES_AGGRESSIVE;
				GCC_WARN_UNUSED_FUNCTION = YES;
				GCC_WARN_UNUSED_VARIABLE = YES;
				IPHONEOS_DEPLOYMENT_TARGET = 16.0;
				MTL_ENABLE_DEBUG_INFO = INCLUDE_SOURCE;
				MTL_FAST_MATH = YES;
				ONLY_ACTIVE_ARCH = YES;
				SDKROOT = iphoneos;
				SWIFT_ACTIVE_COMPILATION_CONDITIONS = DEBUG;
				SWIFT_OPTIMIZATION_LEVEL = "-Onone";
			};
			name = Debug;
		};
		E91A580B29C8F67F0055EDB3 /* Release */ = {
			isa = XCBuildConfiguration;
			buildSettings = {
				ALWAYS_SEARCH_USER_PATHS = NO;
				CLANG_ANALYZER_NONNULL = YES;
				CLANG_ANALYZER_NUMBER_OBJECT_CONVERSION = YES_AGGRESSIVE;
				CLANG_CXX_LANGUAGE_STANDARD = "gnu++20";
				CLANG_ENABLE_MODULES = YES;
				CLANG_ENABLE_OBJC_ARC = YES;
				CLANG_ENABLE_OBJC_WEAK = YES;
				CLANG_WARN_BLOCK_CAPTURE_AUTORELEASING = YES;
				CLANG_WARN_BOOL_CONVERSION = YES;
				CLANG_WARN_COMMA = YES;
				CLANG_WARN_CONSTANT_CONVERSION = YES;
				CLANG_WARN_DEPRECATED_OBJC_IMPLEMENTATIONS = YES;
				CLANG_WARN_DIRECT_OBJC_ISA_USAGE = YES_ERROR;
				CLANG_WARN_DOCUMENTATION_COMMENTS = YES;
				CLANG_WARN_EMPTY_BODY = YES;
				CLANG_WARN_ENUM_CONVERSION = YES;
				CLANG_WARN_INFINITE_RECURSION = YES;
				CLANG_WARN_INT_CONVERSION = YES;
				CLANG_WARN_NON_LITERAL_NULL_CONVERSION = YES;
				CLANG_WARN_OBJC_IMPLICIT_RETAIN_SELF = YES;
				CLANG_WARN_OBJC_LITERAL_CONVERSION = YES;
				CLANG_WARN_OBJC_ROOT_CLASS = YES_ERROR;
				CLANG_WARN_QUOTED_INCLUDE_IN_FRAMEWORK_HEADER = YES;
				CLANG_WARN_RANGE_LOOP_ANALYSIS = YES;
				CLANG_WARN_STRICT_PROTOTYPES = YES;
				CLANG_WARN_SUSPICIOUS_MOVE = YES;
				CLANG_WARN_UNGUARDED_AVAILABILITY = YES_AGGRESSIVE;
				CLANG_WARN_UNREACHABLE_CODE = YES;
				CLANG_WARN__DUPLICATE_METHOD_MATCH = YES;
				COPY_PHASE_STRIP = NO;
				DEBUG_INFORMATION_FORMAT = "dwarf-with-dsym";
				ENABLE_NS_ASSERTIONS = NO;
				ENABLE_STRICT_OBJC_MSGSEND = YES;
				GCC_C_LANGUAGE_STANDARD = gnu11;
				GCC_NO_COMMON_BLOCKS = YES;
				GCC_WARN_64_TO_32_BIT_CONVERSION = YES;
				GCC_WARN_ABOUT_RETURN_TYPE = YES_ERROR;
				GCC_WARN_UNDECLARED_SELECTOR = YES;
				GCC_WARN_UNINITIALIZED_AUTOS = YES_AGGRESSIVE;
				GCC_WARN_UNUSED_FUNCTION = YES;
				GCC_WARN_UNUSED_VARIABLE = YES;
				IPHONEOS_DEPLOYMENT_TARGET = 16.0;
				MTL_ENABLE_DEBUG_INFO = NO;
				MTL_FAST_MATH = YES;
				SDKROOT = iphoneos;
				SWIFT_COMPILATION_MODE = wholemodule;
				SWIFT_OPTIMIZATION_LEVEL = "-O";
				VALIDATE_PRODUCT = YES;
			};
			name = Release;
		};
		E91A580D29C8F67F0055EDB3 /* Debug */ = {
			isa = XCBuildConfiguration;
			buildSettings = {
				ASSETCATALOG_COMPILER_APPICON_NAME = AppIcon;
				ASSETCATALOG_COMPILER_GLOBAL_ACCENT_COLOR_NAME = AccentColor;
				CODE_SIGN_STYLE = Automatic;
				CURRENT_PROJECT_VERSION = 1;
				DEVELOPMENT_ASSET_PATHS = "\"ChallengeImpada/Preview Content\"";
				DEVELOPMENT_TEAM = 5S88AY6J4R;
				ENABLE_PREVIEWS = YES;
				GENERATE_INFOPLIST_FILE = YES;
				INFOPLIST_KEY_UIApplicationSceneManifest_Generation = YES;
				INFOPLIST_KEY_UIApplicationSupportsIndirectInputEvents = YES;
				INFOPLIST_KEY_UILaunchScreen_Generation = YES;
				INFOPLIST_KEY_UISupportedInterfaceOrientations_iPad = "UIInterfaceOrientationLandscapeLeft UIInterfaceOrientationLandscapeRight";
				LD_RUNPATH_SEARCH_PATHS = (
					"$(inherited)",
					"@executable_path/Frameworks",
				);
				MARKETING_VERSION = 1.0;
				PRODUCT_BUNDLE_IDENTIFIER = br.ufpe.cin.academy.tmc4.ChallengeImpada;
				PRODUCT_NAME = "$(TARGET_NAME)";
				SWIFT_EMIT_LOC_STRINGS = YES;
				SWIFT_VERSION = 5.0;
				TARGETED_DEVICE_FAMILY = "1,2";
			};
			name = Debug;
		};
		E91A580E29C8F67F0055EDB3 /* Release */ = {
			isa = XCBuildConfiguration;
			buildSettings = {
				ASSETCATALOG_COMPILER_APPICON_NAME = AppIcon;
				ASSETCATALOG_COMPILER_GLOBAL_ACCENT_COLOR_NAME = AccentColor;
				CODE_SIGN_STYLE = Automatic;
				CURRENT_PROJECT_VERSION = 1;
				DEVELOPMENT_ASSET_PATHS = "\"ChallengeImpada/Preview Content\"";
				DEVELOPMENT_TEAM = 5S88AY6J4R;
				ENABLE_PREVIEWS = YES;
				GENERATE_INFOPLIST_FILE = YES;
				INFOPLIST_KEY_UIApplicationSceneManifest_Generation = YES;
				INFOPLIST_KEY_UIApplicationSupportsIndirectInputEvents = YES;
				INFOPLIST_KEY_UILaunchScreen_Generation = YES;
				INFOPLIST_KEY_UISupportedInterfaceOrientations_iPad = "UIInterfaceOrientationLandscapeLeft UIInterfaceOrientationLandscapeRight";
				LD_RUNPATH_SEARCH_PATHS = (
					"$(inherited)",
					"@executable_path/Frameworks",
				);
				MARKETING_VERSION = 1.0;
				PRODUCT_BUNDLE_IDENTIFIER = br.ufpe.cin.academy.tmc4.ChallengeImpada;
				PRODUCT_NAME = "$(TARGET_NAME)";
				SWIFT_EMIT_LOC_STRINGS = YES;
				SWIFT_VERSION = 5.0;
				TARGETED_DEVICE_FAMILY = "1,2";
			};
			name = Release;
		};
/* End XCBuildConfiguration section */

/* Begin XCConfigurationList section */
		E91A57F929C8F67E0055EDB3 /* Build configuration list for PBXProject "ChallengeImpada" */ = {
			isa = XCConfigurationList;
			buildConfigurations = (
				E91A580A29C8F67F0055EDB3 /* Debug */,
				E91A580B29C8F67F0055EDB3 /* Release */,
			);
			defaultConfigurationIsVisible = 0;
			defaultConfigurationName = Release;
		};
		E91A580C29C8F67F0055EDB3 /* Build configuration list for PBXNativeTarget "ChallengeImpada" */ = {
			isa = XCConfigurationList;
			buildConfigurations = (
				E91A580D29C8F67F0055EDB3 /* Debug */,
				E91A580E29C8F67F0055EDB3 /* Release */,
			);
			defaultConfigurationIsVisible = 0;
			defaultConfigurationName = Release;
		};
/* End XCConfigurationList section */
	};
	rootObject = E91A57F629C8F67E0055EDB3 /* Project object */;
}
